github.com/proglottis/gpgme v0.1.1 h1:72xI0pt/hy7pqsRxk32KExITkXp+RZErRizsA+up/lQ=
github.com/proglottis/gpgme v0.1.1/go.mod h1:fPbW/EZ0LvwQtH8Hy7eixhp1eF3G39dtx7GUN+0Gmy0=
github.com/robfig/config v0.0.0-20141207224736-0f78529c8c7e h1:3/9k/etUfgykjM3Rx8X0echJzo7gNNeND/ubPkqYw1k=
github.com/robfig/config v0.0.0-20141207224736-0f78529c8c7e/go.mod h1:Zerq1qYbCKtIIU9QgPydffGlpYfZ8KI/si49wuTLY/Q=
github.com/sendgrid/go-gmime v0.0.0-20211124164648-4c44cbd981d8 h1:0GNxzZ1Dg9Stiw/+3R+z61Zb14aCoPuYFWgDrHHI76g=
github.com/sendgrid/go-gmime v0.0.0-20211124164648-4c44cbd981d8/go.mod h1:tvczTtNaqXql3MMP3N1jG6Jbl5Yc8RmGccwKuYilNao=
