github.com/arran4/golang-ical v0.0.0-20220115055431-e3ae8290e7b8 h1:nsze/AfDux/RauBvej5AXm5tvLdTcDCwVhun+X1Qq14=
github.com/arran4/golang-ical v0.0.0-20220115055431-e3ae8290e7b8/go.mod h1:BSTTrYHuM12oAL8jDdcmPdw02SBThKYWNFHQlvEG6b0=
github.com/creack/pty v1.1.9/go.mod h1:oKZEueFk5CKHvIhNR5MUki03XCEU+Q6VDXinZuGJ33E=
github.com/davecgh/go-spew v1.1.0/go.mod h1:J7Y8YcW2NihsgmVo/mv3lAwl/skON4iLHjSsI+c5H38=
github.com/davecgh/go-spew v1.1.1/go.mod h1:J7Y8YcW2NihsgmVo/mv3lAwl/skON4iLHjSsI+c5H38=
github.com/kr/pty v1.1.1/go.mod h1:pFQYn66WHrOpPYNljwOMqo10TkYh1fy3cYio2l3bCsQ=
github.com/kr/text v0.1.0/go.mod h1:4Jbv+DJW3UT/LiOwJeYQe1efqtUx/iVham/4vfdArNI=
github.com/kr/text v0.2.0/go.mod h1:eLer722TekiGuMkidMxC/pM04lWEeraHUUmBw8l2grE=
github.com/msbranco/goconfig v0.0.0-20160629072055-3189001257ce h1:QtMvEL/+svm0fxbpyRZS0aquv34BCfMwksEE+2aTLZU=
github.com/msbranco/goconfig v0.0.0-20160629072055-3189001257ce/go.mod h1:PKNAOitD7HlXaDyVXgbpVnof2Th8T7Glv5Wz0lJLCEg=
github.com/niemeyer/pretty v0.0.0-20200227124842-a10e7caefd8e/go.mod h1:zD1mROLANZcx1PVRCS0qkT7pwLkGfwJo4zjcN/Tysno=
github.com/pmezard/go-difflib v1.0.0/go.mod h1:iKH77koFhYxTK1pcRnkKkqfTogsbg7gZNVY4sRDYZ/4=
github.com/proglottis/gpgme v0.1.1 h1:72xI0pt/hy7pqsRxk32KExITkXp+RZErRizsA+up/lQ=
github.com/proglottis/gpgme v0.1.1/go.mod h1:fPbW/EZ0LvwQtH8Hy7eixhp1eF3G39dtx7GUN+0Gmy0=
github.com/robfig/config v0.0.0-20141207224736-0f78529c8c7e h1:3/9k/etUfgykjM3Rx8X0echJzo7gNNeND/ubPkqYw1k=
github.com/robfig/config v0.0.0-20141207224736-0f78529c8c7e/go.mod h1:Zerq1qYbCKtIIU9QgPydffGlpYfZ8KI/si49wuTLY/Q=
github.com/sendgrid/go-gmime v0.0.0-20211124164648-4c44cbd981d8 h1:0GNxzZ1Dg9Stiw/+3R+z61Zb14aCoPuYFWgDrHHI76g=
github.com/sendgrid/go-gmime v0.0.0-20211124164648-4c44cbd981d8/go.mod h1:tvczTtNaqXql3MMP3N1jG6Jbl5Yc8RmGccwKuYilNao=
github.com/stretchr/objx v0.1.0/go.mod h1:HFkY916IF+rwdDfMAkV7OtwuqBVzrE8GR6GFx+wExME=
github.com/stretchr/testify v1.7.0/go.mod h1:6Fq8oRcR53rry900zMqJjRRixrwX3KX962/h/Wwjteg=
github.com/zenhack/go.notmuch v0.0.0-20211022191430-4d57e8ad2a8b h1:mIYa3xMMH6GLD/Q21zxE0rxPbOikeY3iNN1VwU0lcAc=
github.com/zenhack/go.notmuch v0.0.0-20211022191430-4d57e8ad2a8b/go.mod h1:zJtFvR3NinVdmBiLyB4MyXKmqyVfZEb2cK97ISfTgV8=
gopkg.in/check.v1 v0.0.0-20161208181325-20d25e280405/go.mod h1:Co6ibVJAznAaIkqp8huTwlJQCZ016jof/cbN4VW5Yz0=
gopkg.in/check.v1 v1.0.0-20200227125254-8fa46927fb4f/go.mod h1:Co6ibVJAznAaIkqp8huTwlJQCZ016jof/cbN4VW5Yz0=
gopkg.in/yaml.v3 v3.0.0-20200313102051-9f266ea9e77c/go.mod h1:K4uyk7z7BCEPqu6E+C64Yfv1cQ7kz7rIZviUmN+EgEM=
gopkg.in/yaml.v3 v3.0.0-20210107192922-496545a6307b/go.mod h1:K4uyk7z7BCEPqu6E+C64Yfv1cQ7kz7rIZviUmN+EgEM=
